
Microsoft Visual Studio Solution File, Format Version 12.00
# Visual Studio 2015
Project("{FAE04EC0-301F-11D3-BF4B-00C04F79EFBC}") = "Number Wizard 2.0", "Number Wizard 2.0.csproj", "{E562274B-DA7C-8CFC-F5AF-80F1EB205CD0}"
EndProject
Global
	GlobalSection(SolutionConfigurationPlatforms) = preSolution
		Debug|Any CPU = Debug|Any CPU
		Release|Any CPU = Release|Any CPU
	EndGlobalSection
	GlobalSection(ProjectConfigurationPlatforms) = postSolution
		{E562274B-DA7C-8CFC-F5AF-80F1EB205CD0}.Debug|Any CPU.ActiveCfg = Debug|Any CPU
		{E562274B-DA7C-8CFC-F5AF-80F1EB205CD0}.Debug|Any CPU.Build.0 = Debug|Any CPU
		{E562274B-DA7C-8CFC-F5AF-80F1EB205CD0}.Release|Any CPU.ActiveCfg = Release|Any CPU
		{E562274B-DA7C-8CFC-F5AF-80F1EB205CD0}.Release|Any CPU.Build.0 = Release|Any CPU
	EndGlobalSection
	GlobalSection(SolutionProperties) = preSolution
		HideSolutionNode = FALSE
	EndGlobalSection
EndGlobal
